// !$*UTF8*$!
{
	archiveVersion = 1;
	classes = {
	};
	objectVersion = 56;
	objects = {

/* Begin PBXBuildFile section */
		D7D8F1AD2A6F732900F7B1B8 /* AppDelegate.swift in Sources */ = {isa = PBXBuildFile; fileRef = D7D8F1AC2A6F732900F7B1B8 /* AppDelegate.swift */; };
		D7D8F1AF2A6F732900F7B1B8 /* SceneDelegate.swift in Sources */ = {isa = PBXBuildFile; fileRef = D7D8F1AE2A6F732900F7B1B8 /* SceneDelegate.swift */; };
		D7D8F1B12A6F732900F7B1B8 /* ViewController.swift in Sources */ = {isa = PBXBuildFile; fileRef = D7D8F1B02A6F732900F7B1B8 /* ViewController.swift */; };
		D7D8F1B42A6F732900F7B1B8 /* Main.storyboard in Resources */ = {isa = PBXBuildFile; fileRef = D7D8F1B22A6F732900F7B1B8 /* Main.storyboard */; };
		D7D8F1B62A6F732A00F7B1B8 /* Assets.xcassets in Resources */ = {isa = PBXBuildFile; fileRef = D7D8F1B52A6F732A00F7B1B8 /* Assets.xcassets */; };
		D7D8F1B92A6F732A00F7B1B8 /* LaunchScreen.storyboard in Resources */ = {isa = PBXBuildFile; fileRef = D7D8F1B72A6F732A00F7B1B8 /* LaunchScreen.storyboard */; };
		D7D8F1C42A6F732A00F7B1B8 /* ReminderTests.swift in Sources */ = {isa = PBXBuildFile; fileRef = D7D8F1C32A6F732A00F7B1B8 /* ReminderTests.swift */; };
		D7D8F1CE2A6F732A00F7B1B8 /* ReminderUITests.swift in Sources */ = {isa = PBXBuildFile; fileRef = D7D8F1CD2A6F732A00F7B1B8 /* ReminderUITests.swift */; };
		D7D8F1D02A6F732A00F7B1B8 /* ReminderUITestsLaunchTests.swift in Sources */ = {isa = PBXBuildFile; fileRef = D7D8F1CF2A6F732A00F7B1B8 /* ReminderUITestsLaunchTests.swift */; };
		D7D8F1DE2A709F5400F7B1B8 /* AddViewController.swift in Sources */ = {isa = PBXBuildFile; fileRef = D7D8F1DC2A709F5400F7B1B8 /* AddViewController.swift */; };
/* End PBXBuildFile section */

/* Begin PBXContainerItemProxy section */
		D7D8F1C02A6F732A00F7B1B8 /* PBXContainerItemProxy */ = {
			isa = PBXContainerItemProxy;
			containerPortal = D7D8F1A12A6F732900F7B1B8 /* Project object */;
			proxyType = 1;
			remoteGlobalIDString = D7D8F1A82A6F732900F7B1B8;
			remoteInfo = Reminder;
		};
		D7D8F1CA2A6F732A00F7B1B8 /* PBXContainerItemProxy */ = {
			isa = PBXContainerItemProxy;
			containerPortal = D7D8F1A12A6F732900F7B1B8 /* Project object */;
			proxyType = 1;
			remoteGlobalIDString = D7D8F1A82A6F732900F7B1B8;
			remoteInfo = Reminder;
		};
/* End PBXContainerItemProxy section */

/* Begin PBXFileReference section */
		D7D8F1A92A6F732900F7B1B8 /* Reminder.app */ = {isa = PBXFileReference; explicitFileType = wrapper.application; includeInIndex = 0; path = Reminder.app; sourceTree = BUILT_PRODUCTS_DIR; };
		D7D8F1AC2A6F732900F7B1B8 /* AppDelegate.swift */ = {isa = PBXFileReference; lastKnownFileType = sourcecode.swift; path = AppDelegate.swift; sourceTree = "<group>"; };
		D7D8F1AE2A6F732900F7B1B8 /* SceneDelegate.swift */ = {isa = PBXFileReference; lastKnownFileType = sourcecode.swift; path = SceneDelegate.swift; sourceTree = "<group>"; };
		D7D8F1B02A6F732900F7B1B8 /* ViewController.swift */ = {isa = PBXFileReference; lastKnownFileType = sourcecode.swift; path = ViewController.swift; sourceTree = "<group>"; };
		D7D8F1B32A6F732900F7B1B8 /* Base */ = {isa = PBXFileReference; lastKnownFileType = file.storyboard; name = Base; path = Base.lproj/Main.storyboard; sourceTree = "<group>"; };
		D7D8F1B52A6F732A00F7B1B8 /* Assets.xcassets */ = {isa = PBXFileReference; lastKnownFileType = folder.assetcatalog; path = Assets.xcassets; sourceTree = "<group>"; };
		D7D8F1B82A6F732A00F7B1B8 /* Base */ = {isa = PBXFileReference; lastKnownFileType = file.storyboard; name = Base; path = Base.lproj/LaunchScreen.storyboard; sourceTree = "<group>"; };
		D7D8F1BA2A6F732A00F7B1B8 /* Info.plist */ = {isa = PBXFileReference; lastKnownFileType = text.plist.xml; path = Info.plist; sourceTree = "<group>"; };
		D7D8F1BF2A6F732A00F7B1B8 /* ReminderTests.xctest */ = {isa = PBXFileReference; explicitFileType = wrapper.cfbundle; includeInIndex = 0; path = ReminderTests.xctest; sourceTree = BUILT_PRODUCTS_DIR; };
		D7D8F1C32A6F732A00F7B1B8 /* ReminderTests.swift */ = {isa = PBXFileReference; lastKnownFileType = sourcecode.swift; path = ReminderTests.swift; sourceTree = "<group>"; };
		D7D8F1C92A6F732A00F7B1B8 /* ReminderUITests.xctest */ = {isa = PBXFileReference; explicitFileType = wrapper.cfbundle; includeInIndex = 0; path = ReminderUITests.xctest; sourceTree = BUILT_PRODUCTS_DIR; };
		D7D8F1CD2A6F732A00F7B1B8 /* ReminderUITests.swift */ = {isa = PBXFileReference; lastKnownFileType = sourcecode.swift; path = ReminderUITests.swift; sourceTree = "<group>"; };
		D7D8F1CF2A6F732A00F7B1B8 /* ReminderUITestsLaunchTests.swift */ = {isa = PBXFileReference; lastKnownFileType = sourcecode.swift; path = ReminderUITestsLaunchTests.swift; sourceTree = "<group>"; };
		D7D8F1DC2A709F5400F7B1B8 /* AddViewController.swift */ = {isa = PBXFileReference; lastKnownFileType = sourcecode.swift; path = AddViewController.swift; sourceTree = "<group>"; };
/* End PBXFileReference section */

/* Begin PBXFrameworksBuildPhase section */
		D7D8F1A62A6F732900F7B1B8 /* Frameworks */ = {
			isa = PBXFrameworksBuildPhase;
			buildActionMask = 2147483647;
			files = (
			);
			runOnlyForDeploymentPostprocessing = 0;
		};
		D7D8F1BC2A6F732A00F7B1B8 /* Frameworks */ = {
			isa = PBXFrameworksBuildPhase;
			buildActionMask = 2147483647;
			files = (
			);
			runOnlyForDeploymentPostprocessing = 0;
		};
		D7D8F1C62A6F732A00F7B1B8 /* Frameworks */ = {
			isa = PBXFrameworksBuildPhase;
			buildActionMask = 2147483647;
			files = (
			);
			runOnlyForDeploymentPostprocessing = 0;
		};
/* End PBXFrameworksBuildPhase section */

/* Begin PBXGroup section */
		D7D8F1A02A6F732900F7B1B8 = {
			isa = PBXGroup;
			children = (
				D7D8F1AB2A6F732900F7B1B8 /* Reminder */,
				D7D8F1C22A6F732A00F7B1B8 /* ReminderTests */,
				D7D8F1CC2A6F732A00F7B1B8 /* ReminderUITests */,
				D7D8F1AA2A6F732900F7B1B8 /* Products */,
			);
			sourceTree = "<group>";
		};
		D7D8F1AA2A6F732900F7B1B8 /* Products */ = {
			isa = PBXGroup;
			children = (
				D7D8F1A92A6F732900F7B1B8 /* Reminder.app */,
				D7D8F1BF2A6F732A00F7B1B8 /* ReminderTests.xctest */,
				D7D8F1C92A6F732A00F7B1B8 /* ReminderUITests.xctest */,
			);
			name = Products;
			sourceTree = "<group>";
		};
		D7D8F1AB2A6F732900F7B1B8 /* Reminder */ = {
			isa = PBXGroup;
			children = (
				D7D8F1AC2A6F732900F7B1B8 /* AppDelegate.swift */,
				D7D8F1AE2A6F732900F7B1B8 /* SceneDelegate.swift */,
				D7D8F1B02A6F732900F7B1B8 /* ViewController.swift */,
				D7D8F1B22A6F732900F7B1B8 /* Main.storyboard */,
				D7D8F1B52A6F732A00F7B1B8 /* Assets.xcassets */,
				D7D8F1B72A6F732A00F7B1B8 /* LaunchScreen.storyboard */,
				D7D8F1BA2A6F732A00F7B1B8 /* Info.plist */,
				D7D8F1DC2A709F5400F7B1B8 /* AddViewController.swift */,
			);
			path = Reminder;
			sourceTree = "<group>";
		};
		D7D8F1C22A6F732A00F7B1B8 /* ReminderTests */ = {
			isa = PBXGroup;
			children = (
				D7D8F1C32A6F732A00F7B1B8 /* ReminderTests.swift */,
			);
			path = ReminderTests;
			sourceTree = "<group>";
		};
		D7D8F1CC2A6F732A00F7B1B8 /* ReminderUITests */ = {
			isa = PBXGroup;
			children = (
				D7D8F1CD2A6F732A00F7B1B8 /* ReminderUITests.swift */,
				D7D8F1CF2A6F732A00F7B1B8 /* ReminderUITestsLaunchTests.swift */,
			);
			path = ReminderUITests;
			sourceTree = "<group>";
		};
/* End PBXGroup section */

/* Begin PBXNativeTarget section */
		D7D8F1A82A6F732900F7B1B8 /* Reminder */ = {
			isa = PBXNativeTarget;
			buildConfigurationList = D7D8F1D32A6F732A00F7B1B8 /* Build configuration list for PBXNativeTarget "Reminder" */;
			buildPhases = (
				D7D8F1A52A6F732900F7B1B8 /* Sources */,
				D7D8F1A62A6F732900F7B1B8 /* Frameworks */,
				D7D8F1A72A6F732900F7B1B8 /* Resources */,
			);
			buildRules = (
			);
			dependencies = (
			);
			name = Reminder;
			productName = Reminder;
			productReference = D7D8F1A92A6F732900F7B1B8 /* Reminder.app */;
			productType = "com.apple.product-type.application";
		};
		D7D8F1BE2A6F732A00F7B1B8 /* ReminderTests */ = {
			isa = PBXNativeTarget;
			buildConfigurationList = D7D8F1D62A6F732A00F7B1B8 /* Build configuration list for PBXNativeTarget "ReminderTests" */;
			buildPhases = (
				D7D8F1BB2A6F732A00F7B1B8 /* Sources */,
				D7D8F1BC2A6F732A00F7B1B8 /* Frameworks */,
				D7D8F1BD2A6F732A00F7B1B8 /* Resources */,
			);
			buildRules = (
			);
			dependencies = (
				D7D8F1C12A6F732A00F7B1B8 /* PBXTargetDependency */,
			);
			name = ReminderTests;
			productName = ReminderTests;
			productReference = D7D8F1BF2A6F732A00F7B1B8 /* ReminderTests.xctest */;
			productType = "com.apple.product-type.bundle.unit-test";
		};
		D7D8F1C82A6F732A00F7B1B8 /* ReminderUITests */ = {
			isa = PBXNativeTarget;
			buildConfigurationList = D7D8F1D92A6F732A00F7B1B8 /* Build configuration list for PBXNativeTarget "ReminderUITests" */;
			buildPhases = (
				D7D8F1C52A6F732A00F7B1B8 /* Sources */,
				D7D8F1C62A6F732A00F7B1B8 /* Frameworks */,
				D7D8F1C72A6F732A00F7B1B8 /* Resources */,
			);
			buildRules = (
			);
			dependencies = (
				D7D8F1CB2A6F732A00F7B1B8 /* PBXTargetDependency */,
			);
			name = ReminderUITests;
			productName = ReminderUITests;
			productReference = D7D8F1C92A6F732A00F7B1B8 /* ReminderUITests.xctest */;
			productType = "com.apple.product-type.bundle.ui-testing";
		};
/* End PBXNativeTarget section */

/* Begin PBXProject section */
		D7D8F1A12A6F732900F7B1B8 /* Project object */ = {
			isa = PBXProject;
			attributes = {
				BuildIndependentTargetsInParallel = 1;
				LastSwiftUpdateCheck = 1430;
				LastUpgradeCheck = 1430;
				TargetAttributes = {
					D7D8F1A82A6F732900F7B1B8 = {
						CreatedOnToolsVersion = 14.3.1;
					};
					D7D8F1BE2A6F732A00F7B1B8 = {
						CreatedOnToolsVersion = 14.3.1;
						TestTargetID = D7D8F1A82A6F732900F7B1B8;
					};
					D7D8F1C82A6F732A00F7B1B8 = {
						CreatedOnToolsVersion = 14.3.1;
						TestTargetID = D7D8F1A82A6F732900F7B1B8;
					};
				};
			};
			buildConfigurationList = D7D8F1A42A6F732900F7B1B8 /* Build configuration list for PBXProject "Reminder" */;
			compatibilityVersion = "Xcode 14.0";
			developmentRegion = en;
			hasScannedForEncodings = 0;
			knownRegions = (
				en,
				Base,
			);
			mainGroup = D7D8F1A02A6F732900F7B1B8;
			productRefGroup = D7D8F1AA2A6F732900F7B1B8 /* Products */;
			projectDirPath = "";
			projectRoot = "";
			targets = (
				D7D8F1A82A6F732900F7B1B8 /* Reminder */,
				D7D8F1BE2A6F732A00F7B1B8 /* ReminderTests */,
				D7D8F1C82A6F732A00F7B1B8 /* ReminderUITests */,
			);
		};
/* End PBXProject section */

/* Begin PBXResourcesBuildPhase section */
		D7D8F1A72A6F732900F7B1B8 /* Resources */ = {
			isa = PBXResourcesBuildPhase;
			buildActionMask = 2147483647;
			files = (
				D7D8F1B92A6F732A00F7B1B8 /* LaunchScreen.storyboard in Resources */,
				D7D8F1B62A6F732A00F7B1B8 /* Assets.xcassets in Resources */,
				D7D8F1B42A6F732900F7B1B8 /* Main.storyboard in Resources */,
			);
			runOnlyForDeploymentPostprocessing = 0;
		};
		D7D8F1BD2A6F732A00F7B1B8 /* Resources */ = {
			isa = PBXResourcesBuildPhase;
			buildActionMask = 2147483647;
			files = (
			);
			runOnlyForDeploymentPostprocessing = 0;
		};
		D7D8F1C72A6F732A00F7B1B8 /* Resources */ = {
			isa = PBXResourcesBuildPhase;
			buildActionMask = 2147483647;
			files = (
			);
			runOnlyForDeploymentPostprocessing = 0;
		};
/* End PBXResourcesBuildPhase section */

/* Begin PBXSourcesBuildPhase section */
		D7D8F1A52A6F732900F7B1B8 /* Sources */ = {
			isa = PBXSourcesBuildPhase;
			buildActionMask = 2147483647;
			files = (
				D7D8F1B12A6F732900F7B1B8 /* ViewController.swift in Sources */,
				D7D8F1AD2A6F732900F7B1B8 /* AppDelegate.swift in Sources */,
				D7D8F1DE2A709F5400F7B1B8 /* AddViewController.swift in Sources */,
				D7D8F1AF2A6F732900F7B1B8 /* SceneDelegate.swift in Sources */,
			);
			runOnlyForDeploymentPostprocessing = 0;
		};
		D7D8F1BB2A6F732A00F7B1B8 /* Sources */ = {
			isa = PBXSourcesBuildPhase;
			buildActionMask = 2147483647;
			files = (
				D7D8F1C42A6F732A00F7B1B8 /* ReminderTests.swift in Sources */,
			);
			runOnlyForDeploymentPostprocessing = 0;
		};
		D7D8F1C52A6F732A00F7B1B8 /* Sources */ = {
			isa = PBXSourcesBuildPhase;
			buildActionMask = 2147483647;
			files = (
				D7D8F1D02A6F732A00F7B1B8 /* ReminderUITestsLaunchTests.swift in Sources */,
				D7D8F1CE2A6F732A00F7B1B8 /* ReminderUITests.swift in Sources */,
			);
			runOnlyForDeploymentPostprocessing = 0;
		};
/* End PBXSourcesBuildPhase section */

/* Begin PBXTargetDependency section */
		D7D8F1C12A6F732A00F7B1B8 /* PBXTargetDependency */ = {
			isa = PBXTargetDependency;
			target = D7D8F1A82A6F732900F7B1B8 /* Reminder */;
			targetProxy = D7D8F1C02A6F732A00F7B1B8 /* PBXContainerItemProxy */;
		};
		D7D8F1CB2A6F732A00F7B1B8 /* PBXTargetDependency */ = {
			isa = PBXTargetDependency;
			target = D7D8F1A82A6F732900F7B1B8 /* Reminder */;
			targetProxy = D7D8F1CA2A6F732A00F7B1B8 /* PBXContainerItemProxy */;
		};
/* End PBXTargetDependency section */

/* Begin PBXVariantGroup section */
		D7D8F1B22A6F732900F7B1B8 /* Main.storyboard */ = {
			isa = PBXVariantGroup;
			children = (
				D7D8F1B32A6F732900F7B1B8 /* Base */,
			);
			name = Main.storyboard;
			sourceTree = "<group>";
		};
		D7D8F1B72A6F732A00F7B1B8 /* LaunchScreen.storyboard */ = {
			isa = PBXVariantGroup;
			children = (
				D7D8F1B82A6F732A00F7B1B8 /* Base */,
			);
			name = LaunchScreen.storyboard;
			sourceTree = "<group>";
		};
/* End PBXVariantGroup section */

/* Begin XCBuildConfiguration section */
		D7D8F1D12A6F732A00F7B1B8 /* Debug */ = {
			isa = XCBuildConfiguration;
			buildSettings = {
				ALWAYS_SEARCH_USER_PATHS = NO;
				CLANG_ANALYZER_NONNULL = YES;
				CLANG_ANALYZER_NUMBER_OBJECT_CONVERSION = YES_AGGRESSIVE;
				CLANG_CXX_LANGUAGE_STANDARD = "gnu++20";
				CLANG_ENABLE_MODULES = YES;
				CLANG_ENABLE_OBJC_ARC = YES;
				CLANG_ENABLE_OBJC_WEAK = YES;
				CLANG_WARN_BLOCK_CAPTURE_AUTORELEASING = YES;
				CLANG_WARN_BOOL_CONVERSION = YES;
				CLANG_WARN_COMMA = YES;
				CLANG_WARN_CONSTANT_CONVERSION = YES;
				CLANG_WARN_DEPRECATED_OBJC_IMPLEMENTATIONS = YES;
				CLANG_WARN_DIRECT_OBJC_ISA_USAGE = YES_ERROR;
				CLANG_WARN_DOCUMENTATION_COMMENTS = YES;
				CLANG_WARN_EMPTY_BODY = YES;
				CLANG_WARN_ENUM_CONVERSION = YES;
				CLANG_WARN_INFINITE_RECURSION = YES;
				CLANG_WARN_INT_CONVERSION = YES;
				CLANG_WARN_NON_LITERAL_NULL_CONVERSION = YES;
				CLANG_WARN_OBJC_IMPLICIT_RETAIN_SELF = YES;
				CLANG_WARN_OBJC_LITERAL_CONVERSION = YES;
				CLANG_WARN_OBJC_ROOT_CLASS = YES_ERROR;
				CLANG_WARN_QUOTED_INCLUDE_IN_FRAMEWORK_HEADER = YES;
				CLANG_WARN_RANGE_LOOP_ANALYSIS = YES;
				CLANG_WARN_STRICT_PROTOTYPES = YES;
				CLANG_WARN_SUSPICIOUS_MOVE = YES;
				CLANG_WARN_UNGUARDED_AVAILABILITY = YES_AGGRESSIVE;
				CLANG_WARN_UNREACHABLE_CODE = YES;
				CLANG_WARN__DUPLICATE_METHOD_MATCH = YES;
				COPY_PHASE_STRIP = NO;
				DEBUG_INFORMATION_FORMAT = dwarf;
				ENABLE_STRICT_OBJC_MSGSEND = YES;
				ENABLE_TESTABILITY = YES;
				GCC_C_LANGUAGE_STANDARD = gnu11;
				GCC_DYNAMIC_NO_PIC = NO;
				GCC_NO_COMMON_BLOCKS = YES;
				GCC_OPTIMIZATION_LEVEL = 0;
				GCC_PREPROCESSOR_DEFINITIONS = (
					"DEBUG=1",
					"$(inherited)",
				);
				GCC_WARN_64_TO_32_BIT_CONVERSION = YES;
				GCC_WARN_ABOUT_RETURN_TYPE = YES_ERROR;
				GCC_WARN_UNDECLARED_SELECTOR = YES;
				GCC_WARN_UNINITIALIZED_AUTOS = YES_AGGRESSIVE;
				GCC_WARN_UNUSED_FUNCTION = YES;
				GCC_WARN_UNUSED_VARIABLE = YES;
				IPHONEOS_DEPLOYMENT_TARGET = 16.4;
				MTL_ENABLE_DEBUG_INFO = INCLUDE_SOURCE;
				MTL_FAST_MATH = YES;
				ONLY_ACTIVE_ARCH = YES;
				SDKROOT = iphoneos;
				SWIFT_ACTIVE_COMPILATION_CONDITIONS = DEBUG;
				SWIFT_OPTIMIZATION_LEVEL = "-Onone";
			};
			name = Debug;
		};
		D7D8F1D22A6F732A00F7B1B8 /* Release */ = {
			isa = XCBuildConfiguration;
			buildSettings = {
				ALWAYS_SEARCH_USER_PATHS = NO;
				CLANG_ANALYZER_NONNULL = YES;
				CLANG_ANALYZER_NUMBER_OBJECT_CONVERSION = YES_AGGRESSIVE;
				CLANG_CXX_LANGUAGE_STANDARD = "gnu++20";
				CLANG_ENABLE_MODULES = YES;
				CLANG_ENABLE_OBJC_ARC = YES;
				CLANG_ENABLE_OBJC_WEAK = YES;
				CLANG_WARN_BLOCK_CAPTURE_AUTORELEASING = YES;
				CLANG_WARN_BOOL_CONVERSION = YES;
				CLANG_WARN_COMMA = YES;
				CLANG_WARN_CONSTANT_CONVERSION = YES;
				CLANG_WARN_DEPRECATED_OBJC_IMPLEMENTATIONS = YES;
				CLANG_WARN_DIRECT_OBJC_ISA_USAGE = YES_ERROR;
				CLANG_WARN_DOCUMENTATION_COMMENTS = YES;
				CLANG_WARN_EMPTY_BODY = YES;
				CLANG_WARN_ENUM_CONVERSION = YES;
				CLANG_WARN_INFINITE_RECURSION = YES;
				CLANG_WARN_INT_CONVERSION = YES;
				CLANG_WARN_NON_LITERAL_NULL_CONVERSION = YES;
				CLANG_WARN_OBJC_IMPLICIT_RETAIN_SELF = YES;
				CLANG_WARN_OBJC_LITERAL_CONVERSION = YES;
				CLANG_WARN_OBJC_ROOT_CLASS = YES_ERROR;
				CLANG_WARN_QUOTED_INCLUDE_IN_FRAMEWORK_HEADER = YES;
				CLANG_WARN_RANGE_LOOP_ANALYSIS = YES;
				CLANG_WARN_STRICT_PROTOTYPES = YES;
				CLANG_WARN_SUSPICIOUS_MOVE = YES;
				CLANG_WARN_UNGUARDED_AVAILABILITY = YES_AGGRESSIVE;
				CLANG_WARN_UNREACHABLE_CODE = YES;
				CLANG_WARN__DUPLICATE_METHOD_MATCH = YES;
				COPY_PHASE_STRIP = NO;
				DEBUG_INFORMATION_FORMAT = "dwarf-with-dsym";
				ENABLE_NS_ASSERTIONS = NO;
				ENABLE_STRICT_OBJC_MSGSEND = YES;
				GCC_C_LANGUAGE_STANDARD = gnu11;
				GCC_NO_COMMON_BLOCKS = YES;
				GCC_WARN_64_TO_32_BIT_CONVERSION = YES;
				GCC_WARN_ABOUT_RETURN_TYPE = YES_ERROR;
				GCC_WARN_UNDECLARED_SELECTOR = YES;
				GCC_WARN_UNINITIALIZED_AUTOS = YES_AGGRESSIVE;
				GCC_WARN_UNUSED_FUNCTION = YES;
				GCC_WARN_UNUSED_VARIABLE = YES;
				IPHONEOS_DEPLOYMENT_TARGET = 16.4;
				MTL_ENABLE_DEBUG_INFO = NO;
				MTL_FAST_MATH = YES;
				SDKROOT = iphoneos;
				SWIFT_COMPILATION_MODE = wholemodule;
				SWIFT_OPTIMIZATION_LEVEL = "-O";
				VALIDATE_PRODUCT = YES;
			};
			name = Release;
		};
		D7D8F1D42A6F732A00F7B1B8 /* Debug */ = {
			isa = XCBuildConfiguration;
			buildSettings = {
				ASSETCATALOG_COMPILER_APPICON_NAME = AppIcon;
				ASSETCATALOG_COMPILER_GLOBAL_ACCENT_COLOR_NAME = AccentColor;
				CODE_SIGN_STYLE = Automatic;
				CURRENT_PROJECT_VERSION = 1;
				GENERATE_INFOPLIST_FILE = YES;
				INFOPLIST_FILE = Reminder/Info.plist;
				INFOPLIST_KEY_UIApplicationSupportsIndirectInputEvents = YES;
				INFOPLIST_KEY_UILaunchStoryboardName = LaunchScreen;
				INFOPLIST_KEY_UIMainStoryboardFile = Main;
				INFOPLIST_KEY_UISupportedInterfaceOrientations_iPad = "UIInterfaceOrientationPortrait UIInterfaceOrientationPortraitUpsideDown UIInterfaceOrientationLandscapeLeft UIInterfaceOrientationLandscapeRight";
				INFOPLIST_KEY_UISupportedInterfaceOrientations_iPhone = "UIInterfaceOrientationPortrait UIInterfaceOrientationLandscapeLeft UIInterfaceOrientationLandscapeRight";
				LD_RUNPATH_SEARCH_PATHS = (
					"$(inherited)",
					"@executable_path/Frameworks",
				);
				MARKETING_VERSION = 1.0;
				PRODUCT_BUNDLE_IDENTIFIER = com.jh.Reminder;
				PRODUCT_NAME = "$(TARGET_NAME)";
				SWIFT_EMIT_LOC_STRINGS = YES;
				SWIFT_VERSION = 5.0;
				TARGETED_DEVICE_FAMILY = "1,2";
			};
			name = Debug;
		};
		D7D8F1D52A6F732A00F7B1B8 /* Release */ = {
			isa = XCBuildConfiguration;
			buildSettings = {
				ASSETCATALOG_COMPILER_APPICON_NAME = AppIcon;
				ASSETCATALOG_COMPILER_GLOBAL_ACCENT_COLOR_NAME = AccentColor;
				CODE_SIGN_STYLE = Automatic;
				CURRENT_PROJECT_VERSION = 1;
				GENERATE_INFOPLIST_FILE = YES;
				INFOPLIST_FILE = Reminder/Info.plist;
				INFOPLIST_KEY_UIApplicationSupportsIndirectInputEvents = YES;
				INFOPLIST_KEY_UILaunchStoryboardName = LaunchScreen;
				INFOPLIST_KEY_UIMainStoryboardFile = Main;
				INFOPLIST_KEY_UISupportedInterfaceOrientations_iPad = "UIInterfaceOrientationPortrait UIInterfaceOrientationPortraitUpsideDown UIInterfaceOrientationLandscapeLeft UIInterfaceOrientationLandscapeRight";
				INFOPLIST_KEY_UISupportedInterfaceOrientations_iPhone = "UIInterfaceOrientationPortrait UIInterfaceOrientationLandscapeLeft UIInterfaceOrientationLandscapeRight";
				LD_RUNPATH_SEARCH_PATHS = (
					"$(inherited)",
					"@executable_path/Frameworks",
				);
				MARKETING_VERSION = 1.0;
				PRODUCT_BUNDLE_IDENTIFIER = com.jh.Reminder;
				PRODUCT_NAME = "$(TARGET_NAME)";
				SWIFT_EMIT_LOC_STRINGS = YES;
				SWIFT_VERSION = 5.0;
				TARGETED_DEVICE_FAMILY = "1,2";
			};
			name = Release;
		};
		D7D8F1D72A6F732A00F7B1B8 /* Debug */ = {
			isa = XCBuildConfiguration;
			buildSettings = {
				ALWAYS_EMBED_SWIFT_STANDARD_LIBRARIES = YES;
				BUNDLE_LOADER = "$(TEST_HOST)";
				CODE_SIGN_STYLE = Automatic;
				CURRENT_PROJECT_VERSION = 1;
				GENERATE_INFOPLIST_FILE = YES;
				IPHONEOS_DEPLOYMENT_TARGET = 16.4;
				MARKETING_VERSION = 1.0;
				PRODUCT_BUNDLE_IDENTIFIER = com.jh.ReminderTests;
				PRODUCT_NAME = "$(TARGET_NAME)";
				SWIFT_EMIT_LOC_STRINGS = NO;
				SWIFT_VERSION = 5.0;
				TARGETED_DEVICE_FAMILY = "1,2";
				TEST_HOST = "$(BUILT_PRODUCTS_DIR)/Reminder.app/$(BUNDLE_EXECUTABLE_FOLDER_PATH)/Reminder";
			};
			name = Debug;
		};
		D7D8F1D82A6F732A00F7B1B8 /* Release */ = {
			isa = XCBuildConfiguration;
			buildSettings = {
				ALWAYS_EMBED_SWIFT_STANDARD_LIBRARIES = YES;
				BUNDLE_LOADER = "$(TEST_HOST)";
				CODE_SIGN_STYLE = Automatic;
				CURRENT_PROJECT_VERSION = 1;
				GENERATE_INFOPLIST_FILE = YES;
				IPHONEOS_DEPLOYMENT_TARGET = 16.4;
				MARKETING_VERSION = 1.0;
				PRODUCT_BUNDLE_IDENTIFIER = com.jh.ReminderTests;
				PRODUCT_NAME = "$(TARGET_NAME)";
				SWIFT_EMIT_LOC_STRINGS = NO;
				SWIFT_VERSION = 5.0;
				TARGETED_DEVICE_FAMILY = "1,2";
				TEST_HOST = "$(BUILT_PRODUCTS_DIR)/Reminder.app/$(BUNDLE_EXECUTABLE_FOLDER_PATH)/Reminder";
			};
			name = Release;
		};
		D7D8F1DA2A6F732A00F7B1B8 /* Debug */ = {
			isa = XCBuildConfiguration;
			buildSettings = {
				ALWAYS_EMBED_SWIFT_STANDARD_LIBRARIES = YES;
				CODE_SIGN_STYLE = Automatic;
				CURRENT_PROJECT_VERSION = 1;
				GENERATE_INFOPLIST_FILE = YES;
				MARKETING_VERSION = 1.0;
				PRODUCT_BUNDLE_IDENTIFIER = com.jh.ReminderUITests;
				PRODUCT_NAME = "$(TARGET_NAME)";
				SWIFT_EMIT_LOC_STRINGS = NO;
				SWIFT_VERSION = 5.0;
				TARGETED_DEVICE_FAMILY = "1,2";
				TEST_TARGET_NAME = Reminder;
			};
			name = Debug;
		};
		D7D8F1DB2A6F732A00F7B1B8 /* Release */ = {
			isa = XCBuildConfiguration;
			buildSettings = {
				ALWAYS_EMBED_SWIFT_STANDARD_LIBRARIES = YES;
				CODE_SIGN_STYLE = Automatic;
				CURRENT_PROJECT_VERSION = 1;
				GENERATE_INFOPLIST_FILE = YES;
				MARKETING_VERSION = 1.0;
				PRODUCT_BUNDLE_IDENTIFIER = com.jh.ReminderUITests;
				PRODUCT_NAME = "$(TARGET_NAME)";
				SWIFT_EMIT_LOC_STRINGS = NO;
				SWIFT_VERSION = 5.0;
				TARGETED_DEVICE_FAMILY = "1,2";
				TEST_TARGET_NAME = Reminder;
			};
			name = Release;
		};
/* End XCBuildConfiguration section */

/* Begin XCConfigurationList section */
		D7D8F1A42A6F732900F7B1B8 /* Build configuration list for PBXProject "Reminder" */ = {
			isa = XCConfigurationList;
			buildConfigurations = (
				D7D8F1D12A6F732A00F7B1B8 /* Debug */,
				D7D8F1D22A6F732A00F7B1B8 /* Release */,
			);
			defaultConfigurationIsVisible = 0;
			defaultConfigurationName = Release;
		};
		D7D8F1D32A6F732A00F7B1B8 /* Build configuration list for PBXNativeTarget "Reminder" */ = {
			isa = XCConfigurationList;
			buildConfigurations = (
				D7D8F1D42A6F732A00F7B1B8 /* Debug */,
				D7D8F1D52A6F732A00F7B1B8 /* Release */,
			);
			defaultConfigurationIsVisible = 0;
			defaultConfigurationName = Release;
		};
		D7D8F1D62A6F732A00F7B1B8 /* Build configuration list for PBXNativeTarget "ReminderTests" */ = {
			isa = XCConfigurationList;
			buildConfigurations = (
				D7D8F1D72A6F732A00F7B1B8 /* Debug */,
				D7D8F1D82A6F732A00F7B1B8 /* Release */,
			);
			defaultConfigurationIsVisible = 0;
			defaultConfigurationName = Release;
		};
		D7D8F1D92A6F732A00F7B1B8 /* Build configuration list for PBXNativeTarget "ReminderUITests" */ = {
			isa = XCConfigurationList;
			buildConfigurations = (
				D7D8F1DA2A6F732A00F7B1B8 /* Debug */,
				D7D8F1DB2A6F732A00F7B1B8 /* Release */,
			);
			defaultConfigurationIsVisible = 0;
			defaultConfigurationName = Release;
		};
/* End XCConfigurationList section */
	};
	rootObject = D7D8F1A12A6F732900F7B1B8 /* Project object */;
}
